// !$*UTF8*$!
{
	archiveVersion = 1;
	classes = {
	};
	objectVersion = 46;
	objects = {

/* Begin PBXBuildFile section */
		533D1779D4EA111DEE1D5A75 /* libPods.a in Frameworks */ = {isa = PBXBuildFile; fileRef = F372BBA1F7B7069216C56799 /* libPods.a */; };
		C23CF34D1A992A98007A67A8 /* postman.png in Resources */ = {isa = PBXBuildFile; fileRef = C23CF34C1A992A98007A67A8 /* postman.png */; };
		C23CF34F1A992AF8007A67A8 /* postman64.png in Resources */ = {isa = PBXBuildFile; fileRef = C23CF34E1A992AF8007A67A8 /* postman64.png */; };
		C24359491A97F7BA004E3B65 /* main.m in Sources */ = {isa = PBXBuildFile; fileRef = C24359481A97F7BA004E3B65 /* main.m */; };
		C243594C1A97F7BA004E3B65 /* AppDelegate.m in Sources */ = {isa = PBXBuildFile; fileRef = C243594B1A97F7BA004E3B65 /* AppDelegate.m */; };
		C243594F1A97F7BA004E3B65 /* ViewController.m in Sources */ = {isa = PBXBuildFile; fileRef = C243594E1A97F7BA004E3B65 /* ViewController.m */; };
		C24359521A97F7BA004E3B65 /* Main.storyboard in Resources */ = {isa = PBXBuildFile; fileRef = C24359501A97F7BA004E3B65 /* Main.storyboard */; };
		C24359541A97F7BA004E3B65 /* Images.xcassets in Resources */ = {isa = PBXBuildFile; fileRef = C24359531A97F7BA004E3B65 /* Images.xcassets */; };
		C24359571A97F7BA004E3B65 /* LaunchScreen.xib in Resources */ = {isa = PBXBuildFile; fileRef = C24359551A97F7BA004E3B65 /* LaunchScreen.xib */; };
		C24359631A97F7BA004E3B65 /* PostmanTests.m in Sources */ = {isa = PBXBuildFile; fileRef = C24359621A97F7BA004E3B65 /* PostmanTests.m */; };
		C24359701A97F875004E3B65 /* JMRequestTableViewCell.m in Sources */ = {isa = PBXBuildFile; fileRef = C243596E1A97F875004E3B65 /* JMRequestTableViewCell.m */; };
		C24359711A97F875004E3B65 /* JMRequestTableViewCell.xib in Resources */ = {isa = PBXBuildFile; fileRef = C243596F1A97F875004E3B65 /* JMRequestTableViewCell.xib */; };
		C24359761A97FD63004E3B65 /* postman_backup.json in Resources */ = {isa = PBXBuildFile; fileRef = C24359751A97FD63004E3B65 /* postman_backup.json */; };
		C24359791A97FD7C004E3B65 /* JMPostmanCollection.m in Sources */ = {isa = PBXBuildFile; fileRef = C24359781A97FD7C004E3B65 /* JMPostmanCollection.m */; };
		C243597C1A97FF92004E3B65 /* JMPostmanRequest.m in Sources */ = {isa = PBXBuildFile; fileRef = C243597B1A97FF92004E3B65 /* JMPostmanRequest.m */; };
		C243597F1A9867D0004E3B65 /* JMRequestFactory.m in Sources */ = {isa = PBXBuildFile; fileRef = C243597E1A9867D0004E3B65 /* JMRequestFactory.m */; };
		C24359831A986D97004E3B65 /* JMResponseResultViewerViewController.m in Sources */ = {isa = PBXBuildFile; fileRef = C24359811A986D97004E3B65 /* JMResponseResultViewerViewController.m */; };
		C24359841A986D97004E3B65 /* JMResponseResultViewerViewController.xib in Resources */ = {isa = PBXBuildFile; fileRef = C24359821A986D97004E3B65 /* JMResponseResultViewerViewController.xib */; };
/* End PBXBuildFile section */

/* Begin PBXContainerItemProxy section */
		C243595D1A97F7BA004E3B65 /* PBXContainerItemProxy */ = {
			isa = PBXContainerItemProxy;
			containerPortal = C243593B1A97F7BA004E3B65 /* Project object */;
			proxyType = 1;
			remoteGlobalIDString = C24359421A97F7BA004E3B65;
			remoteInfo = Postman;
		};
/* End PBXContainerItemProxy section */

/* Begin PBXFileReference section */
		3E05CD7718A1FC3F5C44B374 /* Pods.debug.xcconfig */ = {isa = PBXFileReference; includeInIndex = 1; lastKnownFileType = text.xcconfig; name = Pods.debug.xcconfig; path = "Pods/Target Support Files/Pods/Pods.debug.xcconfig"; sourceTree = "<group>"; };
		6290324DA2BCA7FB740568CF /* Pods.release.xcconfig */ = {isa = PBXFileReference; includeInIndex = 1; lastKnownFileType = text.xcconfig; name = Pods.release.xcconfig; path = "Pods/Target Support Files/Pods/Pods.release.xcconfig"; sourceTree = "<group>"; };
		C23CF34C1A992A98007A67A8 /* postman.png */ = {isa = PBXFileReference; lastKnownFileType = image.png; path = postman.png; sourceTree = "<group>"; };
		C23CF34E1A992AF8007A67A8 /* postman64.png */ = {isa = PBXFileReference; lastKnownFileType = image.png; path = postman64.png; sourceTree = "<group>"; };
		C24359431A97F7BA004E3B65 /* Postman.app */ = {isa = PBXFileReference; explicitFileType = wrapper.application; includeInIndex = 0; path = Postman.app; sourceTree = BUILT_PRODUCTS_DIR; };
		C24359471A97F7BA004E3B65 /* Info.plist */ = {isa = PBXFileReference; lastKnownFileType = text.plist.xml; path = Info.plist; sourceTree = "<group>"; };
		C24359481A97F7BA004E3B65 /* main.m */ = {isa = PBXFileReference; lastKnownFileType = sourcecode.c.objc; path = main.m; sourceTree = "<group>"; };
		C243594A1A97F7BA004E3B65 /* AppDelegate.h */ = {isa = PBXFileReference; lastKnownFileType = sourcecode.c.h; path = AppDelegate.h; sourceTree = "<group>"; };
		C243594B1A97F7BA004E3B65 /* AppDelegate.m */ = {isa = PBXFileReference; lastKnownFileType = sourcecode.c.objc; path = AppDelegate.m; sourceTree = "<group>"; };
		C243594D1A97F7BA004E3B65 /* ViewController.h */ = {isa = PBXFileReference; lastKnownFileType = sourcecode.c.h; path = ViewController.h; sourceTree = "<group>"; };
		C243594E1A97F7BA004E3B65 /* ViewController.m */ = {isa = PBXFileReference; lastKnownFileType = sourcecode.c.objc; path = ViewController.m; sourceTree = "<group>"; };
		C24359511A97F7BA004E3B65 /* Base */ = {isa = PBXFileReference; lastKnownFileType = file.storyboard; name = Base; path = Base.lproj/Main.storyboard; sourceTree = "<group>"; };
		C24359531A97F7BA004E3B65 /* Images.xcassets */ = {isa = PBXFileReference; lastKnownFileType = folder.assetcatalog; path = Images.xcassets; sourceTree = "<group>"; };
		C24359561A97F7BA004E3B65 /* Base */ = {isa = PBXFileReference; lastKnownFileType = file.xib; name = Base; path = Base.lproj/LaunchScreen.xib; sourceTree = "<group>"; };
		C243595C1A97F7BA004E3B65 /* PostmanTests.xctest */ = {isa = PBXFileReference; explicitFileType = wrapper.cfbundle; includeInIndex = 0; path = PostmanTests.xctest; sourceTree = BUILT_PRODUCTS_DIR; };
		C24359611A97F7BA004E3B65 /* Info.plist */ = {isa = PBXFileReference; lastKnownFileType = text.plist.xml; path = Info.plist; sourceTree = "<group>"; };
		C24359621A97F7BA004E3B65 /* PostmanTests.m */ = {isa = PBXFileReference; lastKnownFileType = sourcecode.c.objc; path = PostmanTests.m; sourceTree = "<group>"; };
		C243596D1A97F875004E3B65 /* JMRequestTableViewCell.h */ = {isa = PBXFileReference; fileEncoding = 4; lastKnownFileType = sourcecode.c.h; path = JMRequestTableViewCell.h; sourceTree = "<group>"; };
		C243596E1A97F875004E3B65 /* JMRequestTableViewCell.m */ = {isa = PBXFileReference; fileEncoding = 4; lastKnownFileType = sourcecode.c.objc; path = JMRequestTableViewCell.m; sourceTree = "<group>"; };
		C243596F1A97F875004E3B65 /* JMRequestTableViewCell.xib */ = {isa = PBXFileReference; fileEncoding = 4; lastKnownFileType = file.xib; path = JMRequestTableViewCell.xib; sourceTree = "<group>"; };
		C24359751A97FD63004E3B65 /* postman_backup.json */ = {isa = PBXFileReference; fileEncoding = 4; lastKnownFileType = text.json; path = postman_backup.json; sourceTree = "<group>"; };
		C24359771A97FD7C004E3B65 /* JMPostmanCollection.h */ = {isa = PBXFileReference; fileEncoding = 4; lastKnownFileType = sourcecode.c.h; path = JMPostmanCollection.h; sourceTree = "<group>"; };
		C24359781A97FD7C004E3B65 /* JMPostmanCollection.m */ = {isa = PBXFileReference; fileEncoding = 4; lastKnownFileType = sourcecode.c.objc; path = JMPostmanCollection.m; sourceTree = "<group>"; };
		C243597A1A97FF92004E3B65 /* JMPostmanRequest.h */ = {isa = PBXFileReference; fileEncoding = 4; lastKnownFileType = sourcecode.c.h; path = JMPostmanRequest.h; sourceTree = "<group>"; };
		C243597B1A97FF92004E3B65 /* JMPostmanRequest.m */ = {isa = PBXFileReference; fileEncoding = 4; lastKnownFileType = sourcecode.c.objc; path = JMPostmanRequest.m; sourceTree = "<group>"; };
		C243597D1A9867D0004E3B65 /* JMRequestFactory.h */ = {isa = PBXFileReference; fileEncoding = 4; lastKnownFileType = sourcecode.c.h; path = JMRequestFactory.h; sourceTree = "<group>"; };
		C243597E1A9867D0004E3B65 /* JMRequestFactory.m */ = {isa = PBXFileReference; fileEncoding = 4; lastKnownFileType = sourcecode.c.objc; path = JMRequestFactory.m; sourceTree = "<group>"; };
		C24359801A986D97004E3B65 /* JMResponseResultViewerViewController.h */ = {isa = PBXFileReference; fileEncoding = 4; lastKnownFileType = sourcecode.c.h; path = JMResponseResultViewerViewController.h; sourceTree = "<group>"; };
		C24359811A986D97004E3B65 /* JMResponseResultViewerViewController.m */ = {isa = PBXFileReference; fileEncoding = 4; lastKnownFileType = sourcecode.c.objc; path = JMResponseResultViewerViewController.m; sourceTree = "<group>"; };
		C24359821A986D97004E3B65 /* JMResponseResultViewerViewController.xib */ = {isa = PBXFileReference; fileEncoding = 4; lastKnownFileType = file.xib; path = JMResponseResultViewerViewController.xib; sourceTree = "<group>"; };
		F372BBA1F7B7069216C56799 /* libPods.a */ = {isa = PBXFileReference; explicitFileType = archive.ar; includeInIndex = 0; path = libPods.a; sourceTree = BUILT_PRODUCTS_DIR; };
/* End PBXFileReference section */

/* Begin PBXFrameworksBuildPhase section */
		C24359401A97F7BA004E3B65 /* Frameworks */ = {
			isa = PBXFrameworksBuildPhase;
			buildActionMask = 2147483647;
			files = (
				533D1779D4EA111DEE1D5A75 /* libPods.a in Frameworks */,
			);
			runOnlyForDeploymentPostprocessing = 0;
		};
		C24359591A97F7BA004E3B65 /* Frameworks */ = {
			isa = PBXFrameworksBuildPhase;
			buildActionMask = 2147483647;
			files = (
			);
			runOnlyForDeploymentPostprocessing = 0;
		};
/* End PBXFrameworksBuildPhase section */

/* Begin PBXGroup section */
		4CEFA68BBAE9919C74A8BC45 /* Pods */ = {
			isa = PBXGroup;
			children = (
				3E05CD7718A1FC3F5C44B374 /* Pods.debug.xcconfig */,
				6290324DA2BCA7FB740568CF /* Pods.release.xcconfig */,
			);
			name = Pods;
			sourceTree = "<group>";
		};
		C243593A1A97F7BA004E3B65 = {
			isa = PBXGroup;
			children = (
				C24359451A97F7BA004E3B65 /* Postman */,
				C243595F1A97F7BA004E3B65 /* PostmanTests */,
				C24359441A97F7BA004E3B65 /* Products */,
				4CEFA68BBAE9919C74A8BC45 /* Pods */,
				C988723940C6B050CA1B3986 /* Frameworks */,
			);
			sourceTree = "<group>";
		};
		C24359441A97F7BA004E3B65 /* Products */ = {
			isa = PBXGroup;
			children = (
				C24359431A97F7BA004E3B65 /* Postman.app */,
				C243595C1A97F7BA004E3B65 /* PostmanTests.xctest */,
			);
			name = Products;
			sourceTree = "<group>";
		};
		C24359451A97F7BA004E3B65 /* Postman */ = {
			isa = PBXGroup;
			children = (
				C243594A1A97F7BA004E3B65 /* AppDelegate.h */,
				C243594B1A97F7BA004E3B65 /* AppDelegate.m */,
				C24359741A97FD25004E3B65 /* Model */,
				C24359721A97F90A004E3B65 /* Helper */,
				C243596C1A97F839004E3B65 /* Cells */,
				C243594D1A97F7BA004E3B65 /* ViewController.h */,
				C243594E1A97F7BA004E3B65 /* ViewController.m */,
				C24359851A986DC8004E3B65 /* ResultViewController */,
				C24359501A97F7BA004E3B65 /* Main.storyboard */,
				C24359531A97F7BA004E3B65 /* Images.xcassets */,
				C24359551A97F7BA004E3B65 /* LaunchScreen.xib */,
				C24359461A97F7BA004E3B65 /* Supporting Files */,
			);
			path = Postman;
			sourceTree = "<group>";
		};
		C24359461A97F7BA004E3B65 /* Supporting Files */ = {
			isa = PBXGroup;
			children = (
				C24359751A97FD63004E3B65 /* postman_backup.json */,
				C23CF34C1A992A98007A67A8 /* postman.png */,
				C23CF34E1A992AF8007A67A8 /* postman64.png */,
				C24359471A97F7BA004E3B65 /* Info.plist */,
				C24359481A97F7BA004E3B65 /* main.m */,
			);
			name = "Supporting Files";
			sourceTree = "<group>";
		};
		C243595F1A97F7BA004E3B65 /* PostmanTests */ = {
			isa = PBXGroup;
			children = (
				C24359621A97F7BA004E3B65 /* PostmanTests.m */,
				C24359601A97F7BA004E3B65 /* Supporting Files */,
			);
			path = PostmanTests;
			sourceTree = "<group>";
		};
		C24359601A97F7BA004E3B65 /* Supporting Files */ = {
			isa = PBXGroup;
			children = (
				C24359611A97F7BA004E3B65 /* Info.plist */,
			);
			name = "Supporting Files";
			sourceTree = "<group>";
		};
		C243596C1A97F839004E3B65 /* Cells */ = {
			isa = PBXGroup;
			children = (
				C243596D1A97F875004E3B65 /* JMRequestTableViewCell.h */,
				C243596E1A97F875004E3B65 /* JMRequestTableViewCell.m */,
				C243596F1A97F875004E3B65 /* JMRequestTableViewCell.xib */,
			);
			name = Cells;
			sourceTree = "<group>";
		};
		C24359721A97F90A004E3B65 /* Helper */ = {
			isa = PBXGroup;
			children = (
				C243597D1A9867D0004E3B65 /* JMRequestFactory.h */,
				C243597E1A9867D0004E3B65 /* JMRequestFactory.m */,
			);
			name = Helper;
			sourceTree = "<group>";
		};
		C24359741A97FD25004E3B65 /* Model */ = {
			isa = PBXGroup;
			children = (
				C24359771A97FD7C004E3B65 /* JMPostmanCollection.h */,
				C24359781A97FD7C004E3B65 /* JMPostmanCollection.m */,
				C243597A1A97FF92004E3B65 /* JMPostmanRequest.h */,
				C243597B1A97FF92004E3B65 /* JMPostmanRequest.m */,
			);
			name = Model;
			sourceTree = "<group>";
		};
		C24359851A986DC8004E3B65 /* ResultViewController */ = {
			isa = PBXGroup;
			children = (
				C24359801A986D97004E3B65 /* JMResponseResultViewerViewController.h */,
				C24359811A986D97004E3B65 /* JMResponseResultViewerViewController.m */,
				C24359821A986D97004E3B65 /* JMResponseResultViewerViewController.xib */,
			);
			name = ResultViewController;
			sourceTree = "<group>";
		};
		C988723940C6B050CA1B3986 /* Frameworks */ = {
			isa = PBXGroup;
			children = (
				F372BBA1F7B7069216C56799 /* libPods.a */,
			);
			name = Frameworks;
			sourceTree = "<group>";
		};
/* End PBXGroup section */

/* Begin PBXNativeTarget section */
		C24359421A97F7BA004E3B65 /* Postman */ = {
			isa = PBXNativeTarget;
			buildConfigurationList = C24359661A97F7BA004E3B65 /* Build configuration list for PBXNativeTarget "Postman" */;
			buildPhases = (
				0D2E0D59CB970A880890B013 /* Check Pods Manifest.lock */,
				C243593F1A97F7BA004E3B65 /* Sources */,
				C24359401A97F7BA004E3B65 /* Frameworks */,
				C24359411A97F7BA004E3B65 /* Resources */,
				2C0A93981401FFAB7F9BE0D8 /* Copy Pods Resources */,
			);
			buildRules = (
			);
			dependencies = (
			);
			name = Postman;
			productName = Postman;
			productReference = C24359431A97F7BA004E3B65 /* Postman.app */;
			productType = "com.apple.product-type.application";
		};
		C243595B1A97F7BA004E3B65 /* PostmanTests */ = {
			isa = PBXNativeTarget;
			buildConfigurationList = C24359691A97F7BA004E3B65 /* Build configuration list for PBXNativeTarget "PostmanTests" */;
			buildPhases = (
				C24359581A97F7BA004E3B65 /* Sources */,
				C24359591A97F7BA004E3B65 /* Frameworks */,
				C243595A1A97F7BA004E3B65 /* Resources */,
			);
			buildRules = (
			);
			dependencies = (
				C243595E1A97F7BA004E3B65 /* PBXTargetDependency */,
			);
			name = PostmanTests;
			productName = PostmanTests;
			productReference = C243595C1A97F7BA004E3B65 /* PostmanTests.xctest */;
			productType = "com.apple.product-type.bundle.unit-test";
		};
/* End PBXNativeTarget section */

/* Begin PBXProject section */
		C243593B1A97F7BA004E3B65 /* Project object */ = {
			isa = PBXProject;
			attributes = {
				LastUpgradeCheck = 0610;
				ORGANIZATIONNAME = "Jerome Morissard";
				TargetAttributes = {
					C24359421A97F7BA004E3B65 = {
						CreatedOnToolsVersion = 6.1.1;
					};
					C243595B1A97F7BA004E3B65 = {
						CreatedOnToolsVersion = 6.1.1;
						TestTargetID = C24359421A97F7BA004E3B65;
					};
				};
			};
			buildConfigurationList = C243593E1A97F7BA004E3B65 /* Build configuration list for PBXProject "Postman" */;
			compatibilityVersion = "Xcode 3.2";
			developmentRegion = English;
			hasScannedForEncodings = 0;
			knownRegions = (
				en,
				Base,
			);
			mainGroup = C243593A1A97F7BA004E3B65;
			productRefGroup = C24359441A97F7BA004E3B65 /* Products */;
			projectDirPath = "";
			projectRoot = "";
			targets = (
				C24359421A97F7BA004E3B65 /* Postman */,
				C243595B1A97F7BA004E3B65 /* PostmanTests */,
			);
		};
/* End PBXProject section */

/* Begin PBXResourcesBuildPhase section */
		C24359411A97F7BA004E3B65 /* Resources */ = {
			isa = PBXResourcesBuildPhase;
			buildActionMask = 2147483647;
			files = (
				C24359521A97F7BA004E3B65 /* Main.storyboard in Resources */,
				C23CF34D1A992A98007A67A8 /* postman.png in Resources */,
				C24359841A986D97004E3B65 /* JMResponseResultViewerViewController.xib in Resources */,
				C24359571A97F7BA004E3B65 /* LaunchScreen.xib in Resources */,
				C23CF34F1A992AF8007A67A8 /* postman64.png in Resources */,
				C24359761A97FD63004E3B65 /* postman_backup.json in Resources */,
				C24359711A97F875004E3B65 /* JMRequestTableViewCell.xib in Resources */,
				C24359541A97F7BA004E3B65 /* Images.xcassets in Resources */,
			);
			runOnlyForDeploymentPostprocessing = 0;
		};
		C243595A1A97F7BA004E3B65 /* Resources */ = {
			isa = PBXResourcesBuildPhase;
			buildActionMask = 2147483647;
			files = (
			);
			runOnlyForDeploymentPostprocessing = 0;
		};
/* End PBXResourcesBuildPhase section */

/* Begin PBXShellScriptBuildPhase section */
		0D2E0D59CB970A880890B013 /* Check Pods Manifest.lock */ = {
			isa = PBXShellScriptBuildPhase;
			buildActionMask = 2147483647;
			files = (
			);
			inputPaths = (
			);
			name = "Check Pods Manifest.lock";
			outputPaths = (
			);
			runOnlyForDeploymentPostprocessing = 0;
			shellPath = /bin/sh;
			shellScript = "diff \"${PODS_ROOT}/../Podfile.lock\" \"${PODS_ROOT}/Manifest.lock\" > /dev/null\nif [[ $? != 0 ]] ; then\n    cat << EOM\nerror: The sandbox is not in sync with the Podfile.lock. Run 'pod install' or update your CocoaPods installation.\nEOM\n    exit 1\nfi\n";
			showEnvVarsInLog = 0;
		};
		2C0A93981401FFAB7F9BE0D8 /* Copy Pods Resources */ = {
			isa = PBXShellScriptBuildPhase;
			buildActionMask = 2147483647;
			files = (
			);
			inputPaths = (
			);
			name = "Copy Pods Resources";
			outputPaths = (
			);
			runOnlyForDeploymentPostprocessing = 0;
			shellPath = /bin/sh;
			shellScript = "\"${SRCROOT}/Pods/Target Support Files/Pods/Pods-resources.sh\"\n";
			showEnvVarsInLog = 0;
		};
/* End PBXShellScriptBuildPhase section */

/* Begin PBXSourcesBuildPhase section */
		C243593F1A97F7BA004E3B65 /* Sources */ = {
			isa = PBXSourcesBuildPhase;
			buildActionMask = 2147483647;
			files = (
				C243594F1A97F7BA004E3B65 /* ViewController.m in Sources */,
				C243597F1A9867D0004E3B65 /* JMRequestFactory.m in Sources */,
				C243597C1A97FF92004E3B65 /* JMPostmanRequest.m in Sources */,
				C24359791A97FD7C004E3B65 /* JMPostmanCollection.m in Sources */,
				C243594C1A97F7BA004E3B65 /* AppDelegate.m in Sources */,
				C24359701A97F875004E3B65 /* JMRequestTableViewCell.m in Sources */,
				C24359491A97F7BA004E3B65 /* main.m in Sources */,
				C24359831A986D97004E3B65 /* JMResponseResultViewerViewController.m in Sources */,
			);
			runOnlyForDeploymentPostprocessing = 0;
		};
		C24359581A97F7BA004E3B65 /* Sources */ = {
			isa = PBXSourcesBuildPhase;
			buildActionMask = 2147483647;
			files = (
				C24359631A97F7BA004E3B65 /* PostmanTests.m in Sources */,
			);
			runOnlyForDeploymentPostprocessing = 0;
		};
/* End PBXSourcesBuildPhase section */

/* Begin PBXTargetDependency section */
		C243595E1A97F7BA004E3B65 /* PBXTargetDependency */ = {
			isa = PBXTargetDependency;
			target = C24359421A97F7BA004E3B65 /* Postman */;
			targetProxy = C243595D1A97F7BA004E3B65 /* PBXContainerItemProxy */;
		};
/* End PBXTargetDependency section */

/* Begin PBXVariantGroup section */
		C24359501A97F7BA004E3B65 /* Main.storyboard */ = {
			isa = PBXVariantGroup;
			children = (
				C24359511A97F7BA004E3B65 /* Base */,
			);
			name = Main.storyboard;
			sourceTree = "<group>";
		};
		C24359551A97F7BA004E3B65 /* LaunchScreen.xib */ = {
			isa = PBXVariantGroup;
			children = (
				C24359561A97F7BA004E3B65 /* Base */,
			);
			name = LaunchScreen.xib;
			sourceTree = "<group>";
		};
/* End PBXVariantGroup section */

/* Begin XCBuildConfiguration section */
		C24359641A97F7BA004E3B65 /* Debug */ = {
			isa = XCBuildConfiguration;
			buildSettings = {
				ALWAYS_SEARCH_USER_PATHS = NO;
				CLANG_CXX_LANGUAGE_STANDARD = "gnu++0x";
				CLANG_CXX_LIBRARY = "libc++";
				CLANG_ENABLE_MODULES = YES;
				CLANG_ENABLE_OBJC_ARC = YES;
				CLANG_WARN_BOOL_CONVERSION = YES;
				CLANG_WARN_CONSTANT_CONVERSION = YES;
				CLANG_WARN_DIRECT_OBJC_ISA_USAGE = YES_ERROR;
				CLANG_WARN_EMPTY_BODY = YES;
				CLANG_WARN_ENUM_CONVERSION = YES;
				CLANG_WARN_INT_CONVERSION = YES;
				CLANG_WARN_OBJC_ROOT_CLASS = YES_ERROR;
				CLANG_WARN_UNREACHABLE_CODE = YES;
				CLANG_WARN__DUPLICATE_METHOD_MATCH = YES;
				"CODE_SIGN_IDENTITY[sdk=iphoneos*]" = "iPhone Developer";
				COPY_PHASE_STRIP = NO;
				ENABLE_STRICT_OBJC_MSGSEND = YES;
				GCC_C_LANGUAGE_STANDARD = gnu99;
				GCC_DYNAMIC_NO_PIC = NO;
				GCC_OPTIMIZATION_LEVEL = 0;
				GCC_PREPROCESSOR_DEFINITIONS = (
					"DEBUG=1",
					"$(inherited)",
				);
				GCC_SYMBOLS_PRIVATE_EXTERN = NO;
				GCC_WARN_64_TO_32_BIT_CONVERSION = YES;
				GCC_WARN_ABOUT_RETURN_TYPE = YES_ERROR;
				GCC_WARN_UNDECLARED_SELECTOR = YES;
				GCC_WARN_UNINITIALIZED_AUTOS = YES_AGGRESSIVE;
				GCC_WARN_UNUSED_FUNCTION = YES;
				GCC_WARN_UNUSED_VARIABLE = YES;
				IPHONEOS_DEPLOYMENT_TARGET = 8.1;
				MTL_ENABLE_DEBUG_INFO = YES;
				ONLY_ACTIVE_ARCH = YES;
				SDKROOT = iphoneos;
			};
			name = Debug;
		};
		C24359651A97F7BA004E3B65 /* Release */ = {
			isa = XCBuildConfiguration;
			buildSettings = {
				ALWAYS_SEARCH_USER_PATHS = NO;
				CLANG_CXX_LANGUAGE_STANDARD = "gnu++0x";
				CLANG_CXX_LIBRARY = "libc++";
				CLANG_ENABLE_MODULES = YES;
				CLANG_ENABLE_OBJC_ARC = YES;
				CLANG_WARN_BOOL_CONVERSION = YES;
				CLANG_WARN_CONSTANT_CONVERSION = YES;
				CLANG_WARN_DIRECT_OBJC_ISA_USAGE = YES_ERROR;
				CLANG_WARN_EMPTY_BODY = YES;
				CLANG_WARN_ENUM_CONVERSION = YES;
				CLANG_WARN_INT_CONVERSION = YES;
				CLANG_WARN_OBJC_ROOT_CLASS = YES_ERROR;
				CLANG_WARN_UNREACHABLE_CODE = YES;
				CLANG_WARN__DUPLICATE_METHOD_MATCH = YES;
				"CODE_SIGN_IDENTITY[sdk=iphoneos*]" = "iPhone Developer";
				COPY_PHASE_STRIP = YES;
				ENABLE_NS_ASSERTIONS = NO;
				ENABLE_STRICT_OBJC_MSGSEND = YES;
				GCC_C_LANGUAGE_STANDARD = gnu99;
				GCC_WARN_64_TO_32_BIT_CONVERSION = YES;
				GCC_WARN_ABOUT_RETURN_TYPE = YES_ERROR;
				GCC_WARN_UNDECLARED_SELECTOR = YES;
				GCC_WARN_UNINITIALIZED_AUTOS = YES_AGGRESSIVE;
				GCC_WARN_UNUSED_FUNCTION = YES;
				GCC_WARN_UNUSED_VARIABLE = YES;
				IPHONEOS_DEPLOYMENT_TARGET = 8.1;
				MTL_ENABLE_DEBUG_INFO = NO;
				SDKROOT = iphoneos;
				VALIDATE_PRODUCT = YES;
			};
			name = Release;
		};
		C24359671A97F7BA004E3B65 /* Debug */ = {
			isa = XCBuildConfiguration;
			baseConfigurationReference = 3E05CD7718A1FC3F5C44B374 /* Pods.debug.xcconfig */;
			buildSettings = {
				ASSETCATALOG_COMPILER_APPICON_NAME = AppIcon;
				INFOPLIST_FILE = Postman/Info.plist;
				IPHONEOS_DEPLOYMENT_TARGET = 6.0;
				LD_RUNPATH_SEARCH_PATHS = "$(inherited) @executable_path/Frameworks";
				PRODUCT_NAME = "$(TARGET_NAME)";
			};
			name = Debug;
		};
		C24359681A97F7BA004E3B65 /* Release */ = {
			isa = XCBuildConfiguration;
			baseConfigurationReference = 6290324DA2BCA7FB740568CF /* Pods.release.xcconfig */;
			buildSettings = {
				ASSETCATALOG_COMPILER_APPICON_NAME = AppIcon;
				INFOPLIST_FILE = Postman/Info.plist;
				IPHONEOS_DEPLOYMENT_TARGET = 6.0;
				LD_RUNPATH_SEARCH_PATHS = "$(inherited) @executable_path/Frameworks";
				PRODUCT_NAME = "$(TARGET_NAME)";
			};
			name = Release;
		};
		C243596A1A97F7BA004E3B65 /* Debug */ = {
			isa = XCBuildConfiguration;
			buildSettings = {
				BUNDLE_LOADER = "$(TEST_HOST)";
				FRAMEWORK_SEARCH_PATHS = (
					"$(SDKROOT)/Developer/Library/Frameworks",
					"$(inherited)",
				);
				GCC_PREPROCESSOR_DEFINITIONS = (
					"DEBUG=1",
					"$(inherited)",
				);
				INFOPLIST_FILE = PostmanTests/Info.plist;
				LD_RUNPATH_SEARCH_PATHS = "$(inherited) @executable_path/Frameworks @loader_path/Frameworks";
				PRODUCT_NAME = "$(TARGET_NAME)";
				TEST_HOST = "$(BUILT_PRODUCTS_DIR)/Postman.app/Postman";
			};
			name = Debug;
		};
		C243596B1A97F7BA004E3B65 /* Release */ = {
			isa = XCBuildConfiguration;
			buildSettings = {
				BUNDLE_LOADER = "$(TEST_HOST)";
				FRAMEWORK_SEARCH_PATHS = (
					"$(SDKROOT)/Developer/Library/Frameworks",
					"$(inherited)",
				);
				INFOPLIST_FILE = PostmanTests/Info.plist;
				LD_RUNPATH_SEARCH_PATHS = "$(inherited) @executable_path/Frameworks @loader_path/Frameworks";
				PRODUCT_NAME = "$(TARGET_NAME)";
				TEST_HOST = "$(BUILT_PRODUCTS_DIR)/Postman.app/Postman";
			};
			name = Release;
		};
/* End XCBuildConfiguration section */

/* Begin XCConfigurationList section */
		C243593E1A97F7BA004E3B65 /* Build configuration list for PBXProject "Postman" */ = {
			isa = XCConfigurationList;
			buildConfigurations = (
				C24359641A97F7BA004E3B65 /* Debug */,
				C24359651A97F7BA004E3B65 /* Release */,
			);
			defaultConfigurationIsVisible = 0;
			defaultConfigurationName = Release;
		};
		C24359661A97F7BA004E3B65 /* Build configuration list for PBXNativeTarget "Postman" */ = {
			isa = XCConfigurationList;
			buildConfigurations = (
				C24359671A97F7BA004E3B65 /* Debug */,
				C24359681A97F7BA004E3B65 /* Release */,
			);
			defaultConfigurationIsVisible = 0;
			defaultConfigurationName = Release;
		};
		C24359691A97F7BA004E3B65 /* Build configuration list for PBXNativeTarget "PostmanTests" */ = {
			isa = XCConfigurationList;
			buildConfigurations = (
				C243596A1A97F7BA004E3B65 /* Debug */,
				C243596B1A97F7BA004E3B65 /* Release */,
			);
			defaultConfigurationIsVisible = 0;
			defaultConfigurationName = Release;
		};
/* End XCConfigurationList section */
	};
	rootObject = C243593B1A97F7BA004E3B65 /* Project object */;
}
